// !$*UTF8*$!
{
	archiveVersion = 1;
	classes = {
	};
	objectVersion = 46;
	objects = {

/* Begin PBXBuildFile section */
		6C10450A1D0E94B000ACE132 /* Main.storyboard in Resources */ = {isa = PBXBuildFile; fileRef = 6C1045081D0E94B000ACE132 /* Main.storyboard */; };
		6C10450C1D0E94B000ACE132 /* Assets.xcassets in Resources */ = {isa = PBXBuildFile; fileRef = 6C10450B1D0E94B000ACE132 /* Assets.xcassets */; };
		6C10450F1D0E94B000ACE132 /* LaunchScreen.storyboard in Resources */ = {isa = PBXBuildFile; fileRef = 6C10450D1D0E94B000ACE132 /* LaunchScreen.storyboard */; };
		6C1045221D0E962100ACE132 /* ViewController.m in Sources */ = {isa = PBXBuildFile; fileRef = 6C10451B1D0E962100ACE132 /* ViewController.m */; };
		6C1045231D0E962100ACE132 /* AppDelegate.m in Sources */ = {isa = PBXBuildFile; fileRef = 6C10451E1D0E962100ACE132 /* AppDelegate.m */; };
		6C1045241D0E962100ACE132 /* main.m in Sources */ = {isa = PBXBuildFile; fileRef = 6C10451F1D0E962100ACE132 /* main.m */; };
		6C1045271D0E988700ACE132 /* QRCodeManager.m in Sources */ = {isa = PBXBuildFile; fileRef = 6C1045261D0E988700ACE132 /* QRCodeManager.m */; };
/* End PBXBuildFile section */

/* Begin PBXFileReference section */
		6C1044FC1D0E94B000ACE132 /* QRCode.app */ = {isa = PBXFileReference; explicitFileType = wrapper.application; includeInIndex = 0; path = QRCode.app; sourceTree = BUILT_PRODUCTS_DIR; };
		6C1045091D0E94B000ACE132 /* Base */ = {isa = PBXFileReference; lastKnownFileType = file.storyboard; name = Base; path = Base.lproj/Main.storyboard; sourceTree = "<group>"; };
		6C10450B1D0E94B000ACE132 /* Assets.xcassets */ = {isa = PBXFileReference; lastKnownFileType = folder.assetcatalog; path = Assets.xcassets; sourceTree = "<group>"; };
		6C10450E1D0E94B000ACE132 /* Base */ = {isa = PBXFileReference; lastKnownFileType = file.storyboard; name = Base; path = Base.lproj/LaunchScreen.storyboard; sourceTree = "<group>"; };
		6C1045101D0E94B000ACE132 /* Info.plist */ = {isa = PBXFileReference; lastKnownFileType = text.plist.xml; path = Info.plist; sourceTree = "<group>"; };
		6C10451A1D0E962100ACE132 /* ViewController.h */ = {isa = PBXFileReference; fileEncoding = 4; lastKnownFileType = sourcecode.c.h; path = ViewController.h; sourceTree = "<group>"; };
		6C10451B1D0E962100ACE132 /* ViewController.m */ = {isa = PBXFileReference; fileEncoding = 4; lastKnownFileType = sourcecode.c.objc; path = ViewController.m; sourceTree = "<group>"; };
		6C10451D1D0E962100ACE132 /* AppDelegate.h */ = {isa = PBXFileReference; fileEncoding = 4; lastKnownFileType = sourcecode.c.h; path = AppDelegate.h; sourceTree = "<group>"; };
		6C10451E1D0E962100ACE132 /* AppDelegate.m */ = {isa = PBXFileReference; fileEncoding = 4; lastKnownFileType = sourcecode.c.objc; path = AppDelegate.m; sourceTree = "<group>"; };
		6C10451F1D0E962100ACE132 /* main.m */ = {isa = PBXFileReference; fileEncoding = 4; lastKnownFileType = sourcecode.c.objc; path = main.m; sourceTree = "<group>"; };
		6C1045251D0E988700ACE132 /* QRCodeManager.h */ = {isa = PBXFileReference; fileEncoding = 4; lastKnownFileType = sourcecode.c.h; path = QRCodeManager.h; sourceTree = "<group>"; };
		6C1045261D0E988700ACE132 /* QRCodeManager.m */ = {isa = PBXFileReference; fileEncoding = 4; lastKnownFileType = sourcecode.c.objc; path = QRCodeManager.m; sourceTree = "<group>"; };
/* End PBXFileReference section */

/* Begin PBXFrameworksBuildPhase section */
		6C1044F91D0E94B000ACE132 /* Frameworks */ = {
			isa = PBXFrameworksBuildPhase;
			buildActionMask = 2147483647;
			files = (
			);
			runOnlyForDeploymentPostprocessing = 0;
		};
/* End PBXFrameworksBuildPhase section */

/* Begin PBXGroup section */
		6C1044F31D0E94B000ACE132 = {
			isa = PBXGroup;
			children = (
				6C1044FE1D0E94B000ACE132 /* QRCode */,
				6C1044FD1D0E94B000ACE132 /* Products */,
			);
			sourceTree = "<group>";
		};
		6C1044FD1D0E94B000ACE132 /* Products */ = {
			isa = PBXGroup;
			children = (
				6C1044FC1D0E94B000ACE132 /* QRCode.app */,
			);
			name = Products;
			sourceTree = "<group>";
		};
		6C1044FE1D0E94B000ACE132 /* QRCode */ = {
			isa = PBXGroup;
			children = (
				6C1045161D0E962100ACE132 /* Classes */,
				6C1045081D0E94B000ACE132 /* Main.storyboard */,
				6C10450B1D0E94B000ACE132 /* Assets.xcassets */,
				6C10450D1D0E94B000ACE132 /* LaunchScreen.storyboard */,
				6C1045101D0E94B000ACE132 /* Info.plist */,
				6C1044FF1D0E94B000ACE132 /* Supporting Files */,
			);
			path = QRCode;
			sourceTree = "<group>";
		};
		6C1044FF1D0E94B000ACE132 /* Supporting Files */ = {
			isa = PBXGroup;
			children = (
			);
			name = "Supporting Files";
			sourceTree = "<group>";
		};
		6C1045161D0E962100ACE132 /* Classes */ = {
			isa = PBXGroup;
			children = (
				6C1045211D0E962100ACE132 /* Tools */,
				6C1045191D0E962100ACE132 /* Home */,
				6C1045181D0E962100ACE132 /* Generator */,
				6C1045171D0E962100ACE132 /* Detector */,
				6C1045201D0E962100ACE132 /* Scanning */,
				6C10451C1D0E962100ACE132 /* Other */,
			);
			path = Classes;
			sourceTree = "<group>";
		};
		6C1045171D0E962100ACE132 /* Detector */ = {
			isa = PBXGroup;
			children = (
			);
			path = Detector;
			sourceTree = "<group>";
		};
		6C1045181D0E962100ACE132 /* Generator */ = {
			isa = PBXGroup;
			children = (
			);
			path = Generator;
			sourceTree = "<group>";
		};
		6C1045191D0E962100ACE132 /* Home */ = {
			isa = PBXGroup;
			children = (
				6C10451A1D0E962100ACE132 /* ViewController.h */,
				6C10451B1D0E962100ACE132 /* ViewController.m */,
			);
			path = Home;
			sourceTree = "<group>";
		};
		6C10451C1D0E962100ACE132 /* Other */ = {
			isa = PBXGroup;
			children = (
				6C10451D1D0E962100ACE132 /* AppDelegate.h */,
				6C10451E1D0E962100ACE132 /* AppDelegate.m */,
				6C10451F1D0E962100ACE132 /* main.m */,
			);
			path = Other;
			sourceTree = "<group>";
		};
		6C1045201D0E962100ACE132 /* Scanning */ = {
			isa = PBXGroup;
			children = (
			);
			path = Scanning;
			sourceTree = "<group>";
		};
		6C1045211D0E962100ACE132 /* Tools */ = {
			isa = PBXGroup;
			children = (
				6C1045251D0E988700ACE132 /* QRCodeManager.h */,
				6C1045261D0E988700ACE132 /* QRCodeManager.m */,
			);
			path = Tools;
			sourceTree = "<group>";
		};
/* End PBXGroup section */

/* Begin PBXNativeTarget section */
		6C1044FB1D0E94B000ACE132 /* QRCode */ = {
			isa = PBXNativeTarget;
			buildConfigurationList = 6C1045131D0E94B000ACE132 /* Build configuration list for PBXNativeTarget "QRCode" */;
			buildPhases = (
				6C1044F81D0E94B000ACE132 /* Sources */,
				6C1044F91D0E94B000ACE132 /* Frameworks */,
				6C1044FA1D0E94B000ACE132 /* Resources */,
			);
			buildRules = (
			);
			dependencies = (
			);
			name = QRCode;
			productName = QRCode;
			productReference = 6C1044FC1D0E94B000ACE132 /* QRCode.app */;
			productType = "com.apple.product-type.application";
		};
/* End PBXNativeTarget section */

/* Begin PBXProject section */
		6C1044F41D0E94B000ACE132 /* Project object */ = {
			isa = PBXProject;
			attributes = {
				LastUpgradeCheck = 0720;
				ORGANIZATIONNAME = xiaomage;
				TargetAttributes = {
					6C1044FB1D0E94B000ACE132 = {
						CreatedOnToolsVersion = 7.2.1;
						DevelopmentTeam = PKGSNBHAR2;
					};
				};
			};
			buildConfigurationList = 6C1044F71D0E94B000ACE132 /* Build configuration list for PBXProject "QRCode" */;
			compatibilityVersion = "Xcode 3.2";
			developmentRegion = English;
			hasScannedForEncodings = 0;
			knownRegions = (
				en,
				Base,
			);
			mainGroup = 6C1044F31D0E94B000ACE132;
			productRefGroup = 6C1044FD1D0E94B000ACE132 /* Products */;
			projectDirPath = "";
			projectRoot = "";
			targets = (
				6C1044FB1D0E94B000ACE132 /* QRCode */,
			);
		};
/* End PBXProject section */

/* Begin PBXResourcesBuildPhase section */
		6C1044FA1D0E94B000ACE132 /* Resources */ = {
			isa = PBXResourcesBuildPhase;
			buildActionMask = 2147483647;
			files = (
				6C10450F1D0E94B000ACE132 /* LaunchScreen.storyboard in Resources */,
				6C10450C1D0E94B000ACE132 /* Assets.xcassets in Resources */,
				6C10450A1D0E94B000ACE132 /* Main.storyboard in Resources */,
			);
			runOnlyForDeploymentPostprocessing = 0;
		};
/* End PBXResourcesBuildPhase section */

/* Begin PBXSourcesBuildPhase section */
		6C1044F81D0E94B000ACE132 /* Sources */ = {
			isa = PBXSourcesBuildPhase;
			buildActionMask = 2147483647;
			files = (
				6C1045231D0E962100ACE132 /* AppDelegate.m in Sources */,
				6C1045241D0E962100ACE132 /* main.m in Sources */,
				6C1045221D0E962100ACE132 /* ViewController.m in Sources */,
				6C1045271D0E988700ACE132 /* QRCodeManager.m in Sources */,
			);
			runOnlyForDeploymentPostprocessing = 0;
		};
/* End PBXSourcesBuildPhase section */

/* Begin PBXVariantGroup section */
		6C1045081D0E94B000ACE132 /* Main.storyboard */ = {
			isa = PBXVariantGroup;
			children = (
				6C1045091D0E94B000ACE132 /* Base */,
			);
			name = Main.storyboard;
			sourceTree = "<group>";
		};
		6C10450D1D0E94B000ACE132 /* LaunchScreen.storyboard */ = {
			isa = PBXVariantGroup;
			children = (
				6C10450E1D0E94B000ACE132 /* Base */,
			);
			name = LaunchScreen.storyboard;
			sourceTree = "<group>";
		};
/* End PBXVariantGroup section */

/* Begin XCBuildConfiguration section */
		6C1045111D0E94B000ACE132 /* Debug */ = {
			isa = XCBuildConfiguration;
			buildSettings = {
				ALWAYS_SEARCH_USER_PATHS = NO;
				CLANG_CXX_LANGUAGE_STANDARD = "gnu++0x";
				CLANG_CXX_LIBRARY = "libc++";
				CLANG_ENABLE_MODULES = YES;
				CLANG_ENABLE_OBJC_ARC = YES;
				CLANG_WARN_BOOL_CONVERSION = YES;
				CLANG_WARN_CONSTANT_CONVERSION = YES;
				CLANG_WARN_DIRECT_OBJC_ISA_USAGE = YES_ERROR;
				CLANG_WARN_EMPTY_BODY = YES;
				CLANG_WARN_ENUM_CONVERSION = YES;
				CLANG_WARN_INT_CONVERSION = YES;
				CLANG_WARN_OBJC_ROOT_CLASS = YES_ERROR;
				CLANG_WARN_UNREACHABLE_CODE = YES;
				CLANG_WARN__DUPLICATE_METHOD_MATCH = YES;
				"CODE_SIGN_IDENTITY[sdk=iphoneos*]" = "iPhone Developer";
				COPY_PHASE_STRIP = NO;
				DEBUG_INFORMATION_FORMAT = dwarf;
				ENABLE_STRICT_OBJC_MSGSEND = YES;
				ENABLE_TESTABILITY = YES;
				GCC_C_LANGUAGE_STANDARD = gnu99;
				GCC_DYNAMIC_NO_PIC = NO;
				GCC_NO_COMMON_BLOCKS = YES;
				GCC_OPTIMIZATION_LEVEL = 0;
				GCC_PREPROCESSOR_DEFINITIONS = (
					"DEBUG=1",
					"$(inherited)",
				);
				GCC_WARN_64_TO_32_BIT_CONVERSION = YES;
				GCC_WARN_ABOUT_RETURN_TYPE = YES_ERROR;
				GCC_WARN_UNDECLARED_SELECTOR = YES;
				GCC_WARN_UNINITIALIZED_AUTOS = YES_AGGRESSIVE;
				GCC_WARN_UNUSED_FUNCTION = YES;
				GCC_WARN_UNUSED_VARIABLE = YES;
				IPHONEOS_DEPLOYMENT_TARGET = 9.2;
				MTL_ENABLE_DEBUG_INFO = YES;
				ONLY_ACTIVE_ARCH = YES;
				SDKROOT = iphoneos;
				TARGETED_DEVICE_FAMILY = "1,2";
			};
			name = Debug;
		};
		6C1045121D0E94B000ACE132 /* Release */ = {
			isa = XCBuildConfiguration;
			buildSettings = {
				ALWAYS_SEARCH_USER_PATHS = NO;
				CLANG_CXX_LANGUAGE_STANDARD = "gnu++0x";
				CLANG_CXX_LIBRARY = "libc++";
				CLANG_ENABLE_MODULES = YES;
				CLANG_ENABLE_OBJC_ARC = YES;
				CLANG_WARN_BOOL_CONVERSION = YES;
				CLANG_WARN_CONSTANT_CONVERSION = YES;
				CLANG_WARN_DIRECT_OBJC_ISA_USAGE = YES_ERROR;
				CLANG_WARN_EMPTY_BODY = YES;
				CLANG_WARN_ENUM_CONVERSION = YES;
				CLANG_WARN_INT_CONVERSION = YES;
				CLANG_WARN_OBJC_ROOT_CLASS = YES_ERROR;
				CLANG_WARN_UNREACHABLE_CODE = YES;
				CLANG_WARN__DUPLICATE_METHOD_MATCH = YES;
				"CODE_SIGN_IDENTITY[sdk=iphoneos*]" = "iPhone Developer";
				COPY_PHASE_STRIP = NO;
				DEBUG_INFORMATION_FORMAT = "dwarf-with-dsym";
				ENABLE_NS_ASSERTIONS = NO;
				ENABLE_STRICT_OBJC_MSGSEND = YES;
				GCC_C_LANGUAGE_STANDARD = gnu99;
				GCC_NO_COMMON_BLOCKS = YES;
				GCC_WARN_64_TO_32_BIT_CONVERSION = YES;
				GCC_WARN_ABOUT_RETURN_TYPE = YES_ERROR;
				GCC_WARN_UNDECLARED_SELECTOR = YES;
				GCC_WARN_UNINITIALIZED_AUTOS = YES_AGGRESSIVE;
				GCC_WARN_UNUSED_FUNCTION = YES;
				GCC_WARN_UNUSED_VARIABLE = YES;
				IPHONEOS_DEPLOYMENT_TARGET = 9.2;
				MTL_ENABLE_DEBUG_INFO = NO;
				SDKROOT = iphoneos;
				TARGETED_DEVICE_FAMILY = "1,2";
				VALIDATE_PRODUCT = YES;
			};
			name = Release;
		};
		6C1045141D0E94B000ACE132 /* Debug */ = {
			isa = XCBuildConfiguration;
			buildSettings = {
				ASSETCATALOG_COMPILER_APPICON_NAME = AppIcon;
				INFOPLIST_FILE = QRCode/Info.plist;
				LD_RUNPATH_SEARCH_PATHS = "$(inherited) @executable_path/Frameworks";
				PRODUCT_BUNDLE_IDENTIFIER = com.520it.QRCode;
				PRODUCT_NAME = "$(TARGET_NAME)";
			};
			name = Debug;
		};
		6C1045151D0E94B000ACE132 /* Release */ = {
			isa = XCBuildConfiguration;
			buildSettings = {
				ASSETCATALOG_COMPILER_APPICON_NAME = AppIcon;
				INFOPLIST_FILE = QRCode/Info.plist;
				LD_RUNPATH_SEARCH_PATHS = "$(inherited) @executable_path/Frameworks";
				PRODUCT_BUNDLE_IDENTIFIER = com.520it.QRCode;
				PRODUCT_NAME = "$(TARGET_NAME)";
			};
			name = Release;
		};
/* End XCBuildConfiguration section */

/* Begin XCConfigurationList section */
		6C1044F71D0E94B000ACE132 /* Build configuration list for PBXProject "QRCode" */ = {
			isa = XCConfigurationList;
			buildConfigurations = (
				6C1045111D0E94B000ACE132 /* Debug */,
				6C1045121D0E94B000ACE132 /* Release */,
			);
			defaultConfigurationIsVisible = 0;
			defaultConfigurationName = Release;
		};
		6C1045131D0E94B000ACE132 /* Build configuration list for PBXNativeTarget "QRCode" */ = {
			isa = XCConfigurationList;
			buildConfigurations = (
				6C1045141D0E94B000ACE132 /* Debug */,
				6C1045151D0E94B000ACE132 /* Release */,
			);
			defaultConfigurationIsVisible = 0;
		};
/* End XCConfigurationList section */
	};
	rootObject = 6C1044F41D0E94B000ACE132 /* Project object */;
}
